{
  "nodes": {
    "nixpkgs": {
      "locked": {
        "lastModified": 1676209140,
        "narHash": "sha256-O2qCUIC7TvlOddsaQo0i2FRc29gKe2GxN/RLj/Bj8g0=",
        "owner": "NixOS",
        "repo": "nixpkgs",
        "rev": "7b6cc8561c97df63900edbc4697a8af388d3fa43",
        "type": "github"
      },
      "original": {
        "id": "nixpkgs",
        "ref": "release-22.11",
        "type": "indirect"
      }
    },
    "root": {
      "inputs": {
        "nixpkgs": "nixpkgs"
      }
    }
  },
  "root": "root",
  "version": 7
}
